
Microsoft Visual Studio Solution File, Format Version 12.00
# Visual Studio Version 17
VisualStudioVersion = 17.5.33516.290
MinimumVisualStudioVersion = 10.0.40219.1
Project("{FAE04EC0-301F-11D3-BF4B-00C04F79EFBC}") = "Notifications", "Notifications\Notifications.csproj", "{DE30D97E-A48F-4F0F-9AFD-99046FF78751}"
EndProject
Global
	GlobalSection(SolutionConfigurationPlatforms) = preSolution
		Debug|Any CPU = Debug|Any CPU
		Release|Any CPU = Release|Any CPU
	EndGlobalSection
	GlobalSection(ProjectConfigurationPlatforms) = postSolution
		{DE30D97E-A48F-4F0F-9AFD-99046FF78751}.Debug|Any CPU.ActiveCfg = Debug|Any CPU
		{DE30D97E-A48F-4F0F-9AFD-99046FF78751}.Debug|Any CPU.Build.0 = Debug|Any CPU
		{DE30D97E-A48F-4F0F-9AFD-99046FF78751}.Release|Any CPU.ActiveCfg = Release|Any CPU
		{DE30D97E-A48F-4F0F-9AFD-99046FF78751}.Release|Any CPU.Build.0 = Release|Any CPU
	EndGlobalSection
	GlobalSection(SolutionProperties) = preSolution
		HideSolutionNode = FALSE
	EndGlobalSection
	GlobalSection(ExtensibilityGlobals) = postSolution
		SolutionGuid = {C3C1F966-AFD8-464B-8C6C-F84D927F050D}
	EndGlobalSection
EndGlobal
