
Microsoft Visual Studio Solution File, Format Version 12.00
# Visual Studio Version 17
VisualStudioVersion = 17.5.33516.290
MinimumVisualStudioVersion = 10.0.40219.1
Project("{9A19103F-16F7-4668-BE54-9A1E7A4F7556}") = "ApplyForJob", "ApplyForJob\ApplyForJob.csproj", "{FF7D8219-AA3A-4A53-B183-D4D0CAF55F33}"
EndProject
Project("{9A19103F-16F7-4668-BE54-9A1E7A4F7556}") = "SharedContent", "..\SharedContent\SharedContent\SharedContent.csproj", "{8BD5E7E9-3CB8-4D86-8B13-B04A54E8B92F}"
EndProject
Global
	GlobalSection(SolutionConfigurationPlatforms) = preSolution
		Debug|Any CPU = Debug|Any CPU
		Release|Any CPU = Release|Any CPU
	EndGlobalSection
	GlobalSection(ProjectConfigurationPlatforms) = postSolution
		{FF7D8219-AA3A-4A53-B183-D4D0CAF55F33}.Debug|Any CPU.ActiveCfg = Debug|Any CPU
		{FF7D8219-AA3A-4A53-B183-D4D0CAF55F33}.Debug|Any CPU.Build.0 = Debug|Any CPU
		{FF7D8219-AA3A-4A53-B183-D4D0CAF55F33}.Release|Any CPU.ActiveCfg = Release|Any CPU
		{FF7D8219-AA3A-4A53-B183-D4D0CAF55F33}.Release|Any CPU.Build.0 = Release|Any CPU
		{8BD5E7E9-3CB8-4D86-8B13-B04A54E8B92F}.Debug|Any CPU.ActiveCfg = Debug|Any CPU
		{8BD5E7E9-3CB8-4D86-8B13-B04A54E8B92F}.Debug|Any CPU.Build.0 = Debug|Any CPU
		{8BD5E7E9-3CB8-4D86-8B13-B04A54E8B92F}.Release|Any CPU.ActiveCfg = Release|Any CPU
		{8BD5E7E9-3CB8-4D86-8B13-B04A54E8B92F}.Release|Any CPU.Build.0 = Release|Any CPU
	EndGlobalSection
	GlobalSection(SolutionProperties) = preSolution
		HideSolutionNode = FALSE
	EndGlobalSection
	GlobalSection(ExtensibilityGlobals) = postSolution
		SolutionGuid = {A6EA1392-FC06-4D41-BB3F-D89E69C1AD14}
	EndGlobalSection
EndGlobal
