
Microsoft Visual Studio Solution File, Format Version 12.00
# Visual Studio Version 17
VisualStudioVersion = 17.5.33530.505
MinimumVisualStudioVersion = 10.0.40219.1
Project("{9A19103F-16F7-4668-BE54-9A1E7A4F7556}") = "Resume", "Resume.csproj", "{D6D282C5-E1A8-455C-A516-217341C839B6}"
EndProject
Project("{9A19103F-16F7-4668-BE54-9A1E7A4F7556}") = "SharedContent", "..\SharedContent\SharedContent\SharedContent.csproj", "{2B6171FE-BA96-4A42-8C69-D3ABDA03960B}"
EndProject
Global
	GlobalSection(SolutionConfigurationPlatforms) = preSolution
		Debug|Any CPU = Debug|Any CPU
		Release|Any CPU = Release|Any CPU
	EndGlobalSection
	GlobalSection(ProjectConfigurationPlatforms) = postSolution
		{D6D282C5-E1A8-455C-A516-217341C839B6}.Debug|Any CPU.ActiveCfg = Debug|Any CPU
		{D6D282C5-E1A8-455C-A516-217341C839B6}.Debug|Any CPU.Build.0 = Debug|Any CPU
		{D6D282C5-E1A8-455C-A516-217341C839B6}.Release|Any CPU.ActiveCfg = Release|Any CPU
		{D6D282C5-E1A8-455C-A516-217341C839B6}.Release|Any CPU.Build.0 = Release|Any CPU
		{2B6171FE-BA96-4A42-8C69-D3ABDA03960B}.Debug|Any CPU.ActiveCfg = Debug|Any CPU
		{2B6171FE-BA96-4A42-8C69-D3ABDA03960B}.Debug|Any CPU.Build.0 = Debug|Any CPU
		{2B6171FE-BA96-4A42-8C69-D3ABDA03960B}.Release|Any CPU.ActiveCfg = Release|Any CPU
		{2B6171FE-BA96-4A42-8C69-D3ABDA03960B}.Release|Any CPU.Build.0 = Release|Any CPU
	EndGlobalSection
	GlobalSection(SolutionProperties) = preSolution
		HideSolutionNode = FALSE
	EndGlobalSection
	GlobalSection(ExtensibilityGlobals) = postSolution
		SolutionGuid = {FF002029-271D-4BE8-9FA0-A16A562DB4BC}
	EndGlobalSection
EndGlobal
